PODS:
  - BEMSimpleLineGraph (4.1)
  - FMDB (2.6.2):
    - FMDB/standard (= 2.6.2)
  - FMDB/standard (2.6.2)
  - JQFMDB (1.1.5):
    - FMDB

DEPENDENCIES:
  - BEMSimpleLineGraph
  - JQFMDB

SPEC CHECKSUMS:
  BEMSimpleLineGraph: 44fd451f27f8e9cf96f2da5bea27603093576dd1
  FMDB: 854a0341b4726e53276f2a8996f06f1b80f9259a
  JQFMDB: 81bd56bb414f2cdc7de3861eec6482f8fa6c321c

PODFILE CHECKSUM: b215598bc82aae11a27cb25bf948a69430e40437

COCOAPODS: 1.2.0
